
Microsoft Visual Studio Solution File, Format Version 12.00
# Visual Studio Version 17
VisualStudioVersion = 17.3.32811.315
MinimumVisualStudioVersion = 10.0.40219.1
Project("{8BC9CEB8-8B4A-11D0-8D11-00A0C91BC942}") = "TerminalSnake", "TerminalSnake.vcxproj", "{94CC8973-135E-4E81-9207-537BFE581DE0}"
EndProject
Global
	GlobalSection(SolutionConfigurationPlatforms) = preSolution
		Debug|x64 = Debug|x64
		Debug|x86 = Debug|x86
		Release|x64 = Release|x64
		Release|x86 = Release|x86
	EndGlobalSection
	GlobalSection(ProjectConfigurationPlatforms) = postSolution
		{94CC8973-135E-4E81-9207-537BFE581DE0}.Debug|x64.ActiveCfg = Debug|x64
		{94CC8973-135E-4E81-9207-537BFE581DE0}.Debug|x64.Build.0 = Debug|x64
		{94CC8973-135E-4E81-9207-537BFE581DE0}.Debug|x86.ActiveCfg = Debug|Win32
		{94CC8973-135E-4E81-9207-537BFE581DE0}.Debug|x86.Build.0 = Debug|Win32
		{94CC8973-135E-4E81-9207-537BFE581DE0}.Release|x64.ActiveCfg = Release|x64
		{94CC8973-135E-4E81-9207-537BFE581DE0}.Release|x64.Build.0 = Release|x64
		{94CC8973-135E-4E81-9207-537BFE581DE0}.Release|x86.ActiveCfg = Release|Win32
		{94CC8973-135E-4E81-9207-537BFE581DE0}.Release|x86.Build.0 = Release|Win32
	EndGlobalSection
	GlobalSection(SolutionProperties) = preSolution
		HideSolutionNode = FALSE
	EndGlobalSection
	GlobalSection(ExtensibilityGlobals) = postSolution
		SolutionGuid = {B8E19A1A-C5C7-463E-BED9-1E83712523BC}
	EndGlobalSection
EndGlobal
